
Microsoft Visual Studio Solution File, Format Version 12.00
# Visual Studio Version 16
VisualStudioVersion = 16.0.28922.388
MinimumVisualStudioVersion = 10.0.40219.1
Project("{FAE04EC0-301F-11D3-BF4B-00C04F79EFBC}") = "SpellNumber", "SpellNumber\SpellNumber.csproj", "{763EAD9D-2F61-4AF7-BD30-2A4C0BF76D87}"
EndProject
Global
	GlobalSection(SolutionConfigurationPlatforms) = preSolution
		Debug|Any CPU = Debug|Any CPU
		Release|Any CPU = Release|Any CPU
	EndGlobalSection
	GlobalSection(ProjectConfigurationPlatforms) = postSolution
		{763EAD9D-2F61-4AF7-BD30-2A4C0BF76D87}.Debug|Any CPU.ActiveCfg = Debug|Any CPU
		{763EAD9D-2F61-4AF7-BD30-2A4C0BF76D87}.Debug|Any CPU.Build.0 = Debug|Any CPU
		{763EAD9D-2F61-4AF7-BD30-2A4C0BF76D87}.Release|Any CPU.ActiveCfg = Release|Any CPU
		{763EAD9D-2F61-4AF7-BD30-2A4C0BF76D87}.Release|Any CPU.Build.0 = Release|Any CPU
	EndGlobalSection
	GlobalSection(SolutionProperties) = preSolution
		HideSolutionNode = FALSE
	EndGlobalSection
	GlobalSection(ExtensibilityGlobals) = postSolution
		SolutionGuid = {DD51CD1D-7873-4A26-94CF-D17E58F07D8F}
	EndGlobalSection
EndGlobal
